
Microsoft Visual Studio Solution File, Format Version 12.00
# Visual Studio 2012
Project("{FAE04EC0-301F-11D3-BF4B-00C04F79EFBC}") = "MT_REST_API", "MT_REST_API\MT_REST_API.csproj", "{8B8D7BEF-391D-4065-98C0-3F1719C2B3DB}"
EndProject
Global
	GlobalSection(SolutionConfigurationPlatforms) = preSolution
		Debug|Any CPU = Debug|Any CPU
		Release|Any CPU = Release|Any CPU
	EndGlobalSection
	GlobalSection(ProjectConfigurationPlatforms) = postSolution
		{8B8D7BEF-391D-4065-98C0-3F1719C2B3DB}.Debug|Any CPU.ActiveCfg = Debug|Any CPU
		{8B8D7BEF-391D-4065-98C0-3F1719C2B3DB}.Debug|Any CPU.Build.0 = Debug|Any CPU
		{8B8D7BEF-391D-4065-98C0-3F1719C2B3DB}.Release|Any CPU.ActiveCfg = Release|Any CPU
		{8B8D7BEF-391D-4065-98C0-3F1719C2B3DB}.Release|Any CPU.Build.0 = Release|Any CPU
	EndGlobalSection
	GlobalSection(SolutionProperties) = preSolution
		HideSolutionNode = FALSE
	EndGlobalSection
EndGlobal
