
Microsoft Visual Studio Solution File, Format Version 12.00
# Visual Studio 2012
Project("{FAE04EC0-301F-11D3-BF4B-00C04F79EFBC}") = "ReportingLib", "ReportingLib\ReportingLib.csproj", "{CF11BFFB-2F69-4A53-873A-29A657A95669}"
EndProject
Project("{FAE04EC0-301F-11D3-BF4B-00C04F79EFBC}") = "ReportingGUI", "ReportingGUI\ReportingGUI.csproj", "{8ECBB7BE-60B3-4296-96BF-E5F471EA1E96}"
EndProject
Project("{FAE04EC0-301F-11D3-BF4B-00C04F79EFBC}") = "DB-Importer", "DB-Importer\DB-Importer.csproj", "{178EF439-4278-40BB-88EE-7CD2C87FBDF1}"
EndProject
Project("{FAE04EC0-301F-11D3-BF4B-00C04F79EFBC}") = "mt-web-api", "mt-web-api\mt-web-api.csproj", "{C74D6005-67A1-4DEA-BD89-0B8BE4F5E5F6}"
EndProject
Project("{FAE04EC0-301F-11D3-BF4B-00C04F79EFBC}") = "mt-web-api.Tests", "mt-web-api.Tests\mt-web-api.Tests.csproj", "{BA3433BD-2DAA-42C8-9A16-B5A66032CF00}"
EndProject
Global
	GlobalSection(SolutionConfigurationPlatforms) = preSolution
		Debug|Any CPU = Debug|Any CPU
		Release|Any CPU = Release|Any CPU
	EndGlobalSection
	GlobalSection(ProjectConfigurationPlatforms) = postSolution
		{CF11BFFB-2F69-4A53-873A-29A657A95669}.Debug|Any CPU.ActiveCfg = Debug|Any CPU
		{CF11BFFB-2F69-4A53-873A-29A657A95669}.Debug|Any CPU.Build.0 = Debug|Any CPU
		{CF11BFFB-2F69-4A53-873A-29A657A95669}.Release|Any CPU.ActiveCfg = Release|Any CPU
		{CF11BFFB-2F69-4A53-873A-29A657A95669}.Release|Any CPU.Build.0 = Release|Any CPU
		{8ECBB7BE-60B3-4296-96BF-E5F471EA1E96}.Debug|Any CPU.ActiveCfg = Debug|Any CPU
		{8ECBB7BE-60B3-4296-96BF-E5F471EA1E96}.Debug|Any CPU.Build.0 = Debug|Any CPU
		{8ECBB7BE-60B3-4296-96BF-E5F471EA1E96}.Release|Any CPU.ActiveCfg = Release|Any CPU
		{8ECBB7BE-60B3-4296-96BF-E5F471EA1E96}.Release|Any CPU.Build.0 = Release|Any CPU
		{178EF439-4278-40BB-88EE-7CD2C87FBDF1}.Debug|Any CPU.ActiveCfg = Debug|Any CPU
		{178EF439-4278-40BB-88EE-7CD2C87FBDF1}.Debug|Any CPU.Build.0 = Debug|Any CPU
		{178EF439-4278-40BB-88EE-7CD2C87FBDF1}.Release|Any CPU.ActiveCfg = Release|Any CPU
		{178EF439-4278-40BB-88EE-7CD2C87FBDF1}.Release|Any CPU.Build.0 = Release|Any CPU
		{C74D6005-67A1-4DEA-BD89-0B8BE4F5E5F6}.Debug|Any CPU.ActiveCfg = Debug|Any CPU
		{C74D6005-67A1-4DEA-BD89-0B8BE4F5E5F6}.Debug|Any CPU.Build.0 = Debug|Any CPU
		{C74D6005-67A1-4DEA-BD89-0B8BE4F5E5F6}.Release|Any CPU.ActiveCfg = Release|Any CPU
		{C74D6005-67A1-4DEA-BD89-0B8BE4F5E5F6}.Release|Any CPU.Build.0 = Release|Any CPU
		{BA3433BD-2DAA-42C8-9A16-B5A66032CF00}.Debug|Any CPU.ActiveCfg = Debug|Any CPU
		{BA3433BD-2DAA-42C8-9A16-B5A66032CF00}.Debug|Any CPU.Build.0 = Debug|Any CPU
		{BA3433BD-2DAA-42C8-9A16-B5A66032CF00}.Release|Any CPU.ActiveCfg = Release|Any CPU
		{BA3433BD-2DAA-42C8-9A16-B5A66032CF00}.Release|Any CPU.Build.0 = Release|Any CPU
	EndGlobalSection
	GlobalSection(SolutionProperties) = preSolution
		HideSolutionNode = FALSE
	EndGlobalSection
EndGlobal
